
Microsoft Visual Studio Solution File, Format Version 12.00
# Visual Studio Version 17
VisualStudioVersion = 17.7.34024.191
MinimumVisualStudioVersion = 10.0.40219.1
Project("{FAE04EC0-301F-11D3-BF4B-00C04F79EFBC}") = "Övning 2", "Övning 2\Övning 2.csproj", "{FD18FD0F-28D1-4039-9AE8-F694D8D43129}"
EndProject
Global
	GlobalSection(SolutionConfigurationPlatforms) = preSolution
		Debug|Any CPU = Debug|Any CPU
		Release|Any CPU = Release|Any CPU
	EndGlobalSection
	GlobalSection(ProjectConfigurationPlatforms) = postSolution
		{FD18FD0F-28D1-4039-9AE8-F694D8D43129}.Debug|Any CPU.ActiveCfg = Debug|Any CPU
		{FD18FD0F-28D1-4039-9AE8-F694D8D43129}.Debug|Any CPU.Build.0 = Debug|Any CPU
		{FD18FD0F-28D1-4039-9AE8-F694D8D43129}.Release|Any CPU.ActiveCfg = Release|Any CPU
		{FD18FD0F-28D1-4039-9AE8-F694D8D43129}.Release|Any CPU.Build.0 = Release|Any CPU
	EndGlobalSection
	GlobalSection(SolutionProperties) = preSolution
		HideSolutionNode = FALSE
	EndGlobalSection
	GlobalSection(ExtensibilityGlobals) = postSolution
		SolutionGuid = {88F2E26E-3798-40E4-9DA5-07F0DCCE09CF}
	EndGlobalSection
EndGlobal
